
Microsoft Visual Studio Solution File, Format Version 12.00
# Visual Studio Version 16
VisualStudioVersion = 16.0.30204.135
MinimumVisualStudioVersion = 10.0.40219.1
Project("{FAE04EC0-301F-11D3-BF4B-00C04F79EFBC}") = "app.seed.Android", "app.seed\app.seed.Android\app.seed.Android.csproj", "{4C359CB6-A135-4732-9332-50E13BDE5359}"
EndProject
Project("{9A19103F-16F7-4668-BE54-9A1E7A4F7556}") = "app.seed", "app.seed\app.seed\app.seed.csproj", "{C04D6343-1AA0-4F29-AB36-27A31359B8CA}"
EndProject
Project("{FAE04EC0-301F-11D3-BF4B-00C04F79EFBC}") = "WebClient", "WebClient\WebClient.csproj", "{52A2ABFE-5987-467B-9784-4212900C8783}"
EndProject
Project("{FAE04EC0-301F-11D3-BF4B-00C04F79EFBC}") = "Server", "Server\Server.csproj", "{1604A0C2-36B3-4F05-A36B-58361B4560ED}"
EndProject
Project("{FAE04EC0-301F-11D3-BF4B-00C04F79EFBC}") = "Controllers", "Controllers\Controllers.csproj", "{DF8F799B-73E7-4FC9-B5E4-7C2A2618500D}"
EndProject
Project("{FAE04EC0-301F-11D3-BF4B-00C04F79EFBC}") = "Machines", "Machines\Machines.csproj", "{C919DF4E-91B9-4A6F-A6C3-A544F9FCF061}"
EndProject
Project("{D954291E-2A0B-460D-934E-DC6B0785DB48}") = "Models", "Models\Models.shproj", "{51236160-1BEA-4569-B94B-6025689BB463}"
EndProject
Project("{2150E333-8FDC-42A3-9474-1A3956D46DE8}") = "Images", "Images", "{197DBAD8-DC09-4B86-B1C8-37D848879FB9}"
	ProjectSection(SolutionItems) = preProject
		Images\play.png = Images\play.png
	EndProjectSection
EndProject
Global
	GlobalSection(SharedMSBuildProjectFiles) = preSolution
		Models\Models.projitems*{1604a0c2-36b3-4f05-a36b-58361b4560ed}*SharedItemsImports = 4
		Models\Models.projitems*{51236160-1bea-4569-b94b-6025689bb463}*SharedItemsImports = 13
		Models\Models.projitems*{52a2abfe-5987-467b-9784-4212900c8783}*SharedItemsImports = 4
		Models\Models.projitems*{c04d6343-1aa0-4f29-ab36-27a31359b8ca}*SharedItemsImports = 5
		Models\Models.projitems*{c919df4e-91b9-4a6f-a6c3-a544f9fcf061}*SharedItemsImports = 4
		Models\Models.projitems*{df8f799b-73e7-4fc9-b5e4-7c2a2618500d}*SharedItemsImports = 4
	EndGlobalSection
	GlobalSection(SolutionConfigurationPlatforms) = preSolution
		Debug|Any CPU = Debug|Any CPU
		Release|Any CPU = Release|Any CPU
	EndGlobalSection
	GlobalSection(ProjectConfigurationPlatforms) = postSolution
		{4C359CB6-A135-4732-9332-50E13BDE5359}.Debug|Any CPU.ActiveCfg = Debug|Any CPU
		{4C359CB6-A135-4732-9332-50E13BDE5359}.Debug|Any CPU.Build.0 = Debug|Any CPU
		{4C359CB6-A135-4732-9332-50E13BDE5359}.Debug|Any CPU.Deploy.0 = Debug|Any CPU
		{4C359CB6-A135-4732-9332-50E13BDE5359}.Release|Any CPU.ActiveCfg = Release|Any CPU
		{4C359CB6-A135-4732-9332-50E13BDE5359}.Release|Any CPU.Build.0 = Release|Any CPU
		{4C359CB6-A135-4732-9332-50E13BDE5359}.Release|Any CPU.Deploy.0 = Release|Any CPU
		{C04D6343-1AA0-4F29-AB36-27A31359B8CA}.Debug|Any CPU.ActiveCfg = Debug|Any CPU
		{C04D6343-1AA0-4F29-AB36-27A31359B8CA}.Debug|Any CPU.Build.0 = Debug|Any CPU
		{C04D6343-1AA0-4F29-AB36-27A31359B8CA}.Debug|Any CPU.Deploy.0 = Debug|Any CPU
		{C04D6343-1AA0-4F29-AB36-27A31359B8CA}.Release|Any CPU.ActiveCfg = Release|Any CPU
		{C04D6343-1AA0-4F29-AB36-27A31359B8CA}.Release|Any CPU.Build.0 = Release|Any CPU
		{C04D6343-1AA0-4F29-AB36-27A31359B8CA}.Release|Any CPU.Deploy.0 = Release|Any CPU
		{52A2ABFE-5987-467B-9784-4212900C8783}.Debug|Any CPU.ActiveCfg = Debug|Any CPU
		{52A2ABFE-5987-467B-9784-4212900C8783}.Debug|Any CPU.Build.0 = Debug|Any CPU
		{52A2ABFE-5987-467B-9784-4212900C8783}.Release|Any CPU.ActiveCfg = Release|Any CPU
		{52A2ABFE-5987-467B-9784-4212900C8783}.Release|Any CPU.Build.0 = Release|Any CPU
		{1604A0C2-36B3-4F05-A36B-58361B4560ED}.Debug|Any CPU.ActiveCfg = Debug|Any CPU
		{1604A0C2-36B3-4F05-A36B-58361B4560ED}.Debug|Any CPU.Build.0 = Debug|Any CPU
		{1604A0C2-36B3-4F05-A36B-58361B4560ED}.Release|Any CPU.ActiveCfg = Release|Any CPU
		{1604A0C2-36B3-4F05-A36B-58361B4560ED}.Release|Any CPU.Build.0 = Release|Any CPU
		{DF8F799B-73E7-4FC9-B5E4-7C2A2618500D}.Debug|Any CPU.ActiveCfg = Debug|Any CPU
		{DF8F799B-73E7-4FC9-B5E4-7C2A2618500D}.Debug|Any CPU.Build.0 = Debug|Any CPU
		{DF8F799B-73E7-4FC9-B5E4-7C2A2618500D}.Release|Any CPU.ActiveCfg = Release|Any CPU
		{DF8F799B-73E7-4FC9-B5E4-7C2A2618500D}.Release|Any CPU.Build.0 = Release|Any CPU
		{C919DF4E-91B9-4A6F-A6C3-A544F9FCF061}.Debug|Any CPU.ActiveCfg = Debug|Any CPU
		{C919DF4E-91B9-4A6F-A6C3-A544F9FCF061}.Debug|Any CPU.Build.0 = Debug|Any CPU
		{C919DF4E-91B9-4A6F-A6C3-A544F9FCF061}.Release|Any CPU.ActiveCfg = Release|Any CPU
		{C919DF4E-91B9-4A6F-A6C3-A544F9FCF061}.Release|Any CPU.Build.0 = Release|Any CPU
	EndGlobalSection
	GlobalSection(SolutionProperties) = preSolution
		HideSolutionNode = FALSE
	EndGlobalSection
	GlobalSection(ExtensibilityGlobals) = postSolution
		SolutionGuid = {597D89EF-C684-479F-B4E6-C43B4B09A23C}
	EndGlobalSection
EndGlobal
